
Microsoft Visual Studio Solution File, Format Version 12.00
# Visual Studio Version 16
VisualStudioVersion = 16.0.30717.126
MinimumVisualStudioVersion = 10.0.40219.1
Project("{FAE04EC0-301F-11D3-BF4B-00C04F79EFBC}") = "AIOConfigUI", "AIOConfigUI\AIOConfigUI.csproj", "{904BCC84-7A2A-46DF-9058-7A1279B26645}"
EndProject
Global
	GlobalSection(SolutionConfigurationPlatforms) = preSolution
		Debug|Any CPU = Debug|Any CPU
		Release|Any CPU = Release|Any CPU
	EndGlobalSection
	GlobalSection(ProjectConfigurationPlatforms) = postSolution
		{904BCC84-7A2A-46DF-9058-7A1279B26645}.Debug|Any CPU.ActiveCfg = Debug|Any CPU
		{904BCC84-7A2A-46DF-9058-7A1279B26645}.Debug|Any CPU.Build.0 = Debug|Any CPU
		{904BCC84-7A2A-46DF-9058-7A1279B26645}.Release|Any CPU.ActiveCfg = Release|Any CPU
		{904BCC84-7A2A-46DF-9058-7A1279B26645}.Release|Any CPU.Build.0 = Release|Any CPU
	EndGlobalSection
	GlobalSection(SolutionProperties) = preSolution
		HideSolutionNode = FALSE
	EndGlobalSection
	GlobalSection(ExtensibilityGlobals) = postSolution
		SolutionGuid = {54FB2380-1442-4AB9-8F54-B082FD8D06B3}
	EndGlobalSection
EndGlobal
